
Microsoft Visual Studio Solution File, Format Version 12.00
# Visual Studio 2013
VisualStudioVersion = 12.0.21005.1
MinimumVisualStudioVersion = 10.0.40219.1
Project("{FAE04EC0-301F-11D3-BF4B-00C04F79EFBC}") = "EconomySim", "EconomySim\EconomySim.csproj", "{060BA8BB-6513-4001-8C3E-581C07BA1B60}"
EndProject
Project("{FAE04EC0-301F-11D3-BF4B-00C04F79EFBC}") = "Model", "Model\Model.csproj", "{E131A302-A6A9-4B08-994E-9CCD7F6F8A3D}"
EndProject
Project("{FAE04EC0-301F-11D3-BF4B-00C04F79EFBC}") = "ModelTests", "ModelTests\ModelTests.csproj", "{035E8552-22A4-4D0E-A610-2709A87BF70B}"
EndProject
Project("{FAE04EC0-301F-11D3-BF4B-00C04F79EFBC}") = "ConsoleSimulator", "ConsoleSimulator\ConsoleSimulator.csproj", "{A514AB01-9FC3-4D98-A134-0C3E74A1368F}"
EndProject
Global
	GlobalSection(SolutionConfigurationPlatforms) = preSolution
		Debug|Any CPU = Debug|Any CPU
		Release|Any CPU = Release|Any CPU
	EndGlobalSection
	GlobalSection(ProjectConfigurationPlatforms) = postSolution
		{060BA8BB-6513-4001-8C3E-581C07BA1B60}.Debug|Any CPU.ActiveCfg = Debug|Any CPU
		{060BA8BB-6513-4001-8C3E-581C07BA1B60}.Debug|Any CPU.Build.0 = Debug|Any CPU
		{060BA8BB-6513-4001-8C3E-581C07BA1B60}.Release|Any CPU.ActiveCfg = Release|Any CPU
		{060BA8BB-6513-4001-8C3E-581C07BA1B60}.Release|Any CPU.Build.0 = Release|Any CPU
		{E131A302-A6A9-4B08-994E-9CCD7F6F8A3D}.Debug|Any CPU.ActiveCfg = Debug|Any CPU
		{E131A302-A6A9-4B08-994E-9CCD7F6F8A3D}.Debug|Any CPU.Build.0 = Debug|Any CPU
		{E131A302-A6A9-4B08-994E-9CCD7F6F8A3D}.Release|Any CPU.ActiveCfg = Release|Any CPU
		{E131A302-A6A9-4B08-994E-9CCD7F6F8A3D}.Release|Any CPU.Build.0 = Release|Any CPU
		{035E8552-22A4-4D0E-A610-2709A87BF70B}.Debug|Any CPU.ActiveCfg = Debug|Any CPU
		{035E8552-22A4-4D0E-A610-2709A87BF70B}.Debug|Any CPU.Build.0 = Debug|Any CPU
		{035E8552-22A4-4D0E-A610-2709A87BF70B}.Release|Any CPU.ActiveCfg = Release|Any CPU
		{035E8552-22A4-4D0E-A610-2709A87BF70B}.Release|Any CPU.Build.0 = Release|Any CPU
		{A514AB01-9FC3-4D98-A134-0C3E74A1368F}.Debug|Any CPU.ActiveCfg = Debug|Any CPU
		{A514AB01-9FC3-4D98-A134-0C3E74A1368F}.Debug|Any CPU.Build.0 = Debug|Any CPU
		{A514AB01-9FC3-4D98-A134-0C3E74A1368F}.Release|Any CPU.ActiveCfg = Release|Any CPU
		{A514AB01-9FC3-4D98-A134-0C3E74A1368F}.Release|Any CPU.Build.0 = Release|Any CPU
	EndGlobalSection
	GlobalSection(SolutionProperties) = preSolution
		HideSolutionNode = FALSE
	EndGlobalSection
EndGlobal
