
Microsoft Visual Studio Solution File, Format Version 12.00
# Visual Studio Version 16
VisualStudioVersion = 16.0.29613.14
MinimumVisualStudioVersion = 10.0.40219.1
Project("{FAE04EC0-301F-11D3-BF4B-00C04F79EFBC}") = "EconomySim", "EconomySim\EconomySim.csproj", "{060BA8BB-6513-4001-8C3E-581C07BA1B60}"
EndProject
Project("{FAE04EC0-301F-11D3-BF4B-00C04F79EFBC}") = "Model", "Model\Model.csproj", "{E131A302-A6A9-4B08-994E-9CCD7F6F8A3D}"
EndProject
Project("{FAE04EC0-301F-11D3-BF4B-00C04F79EFBC}") = "ModelTests", "ModelTests\ModelTests.csproj", "{035E8552-22A4-4D0E-A610-2709A87BF70B}"
EndProject
Project("{FAE04EC0-301F-11D3-BF4B-00C04F79EFBC}") = "ConsoleSimulator", "ConsoleSimulator\ConsoleSimulator.csproj", "{A514AB01-9FC3-4D98-A134-0C3E74A1368F}"
EndProject
Project("{FAE04EC0-301F-11D3-BF4B-00C04F79EFBC}") = "Agents", "Agents\Agents.csproj", "{8BAC6994-572B-4F1A-AC58-ED93130E6A1B}"
EndProject
Project("{9A19103F-16F7-4668-BE54-9A1E7A4F7556}") = "World", "World\World.csproj", "{0B056810-556E-406A-A605-ABF4455A91F9}"
EndProject
Project("{FAE04EC0-301F-11D3-BF4B-00C04F79EFBC}") = "WorldTests", "WorldTests\WorldTests.csproj", "{337C4BF0-0894-4B3D-BBF1-08E73C4C8355}"
EndProject
Global
	GlobalSection(SolutionConfigurationPlatforms) = preSolution
		Debug|Any CPU = Debug|Any CPU
		Release|Any CPU = Release|Any CPU
	EndGlobalSection
	GlobalSection(ProjectConfigurationPlatforms) = postSolution
		{060BA8BB-6513-4001-8C3E-581C07BA1B60}.Debug|Any CPU.ActiveCfg = Debug|Any CPU
		{060BA8BB-6513-4001-8C3E-581C07BA1B60}.Debug|Any CPU.Build.0 = Debug|Any CPU
		{060BA8BB-6513-4001-8C3E-581C07BA1B60}.Release|Any CPU.ActiveCfg = Release|Any CPU
		{060BA8BB-6513-4001-8C3E-581C07BA1B60}.Release|Any CPU.Build.0 = Release|Any CPU
		{E131A302-A6A9-4B08-994E-9CCD7F6F8A3D}.Debug|Any CPU.ActiveCfg = Debug|Any CPU
		{E131A302-A6A9-4B08-994E-9CCD7F6F8A3D}.Debug|Any CPU.Build.0 = Debug|Any CPU
		{E131A302-A6A9-4B08-994E-9CCD7F6F8A3D}.Release|Any CPU.ActiveCfg = Release|Any CPU
		{E131A302-A6A9-4B08-994E-9CCD7F6F8A3D}.Release|Any CPU.Build.0 = Release|Any CPU
		{035E8552-22A4-4D0E-A610-2709A87BF70B}.Debug|Any CPU.ActiveCfg = Debug|Any CPU
		{035E8552-22A4-4D0E-A610-2709A87BF70B}.Debug|Any CPU.Build.0 = Debug|Any CPU
		{035E8552-22A4-4D0E-A610-2709A87BF70B}.Release|Any CPU.ActiveCfg = Release|Any CPU
		{035E8552-22A4-4D0E-A610-2709A87BF70B}.Release|Any CPU.Build.0 = Release|Any CPU
		{A514AB01-9FC3-4D98-A134-0C3E74A1368F}.Debug|Any CPU.ActiveCfg = Debug|Any CPU
		{A514AB01-9FC3-4D98-A134-0C3E74A1368F}.Debug|Any CPU.Build.0 = Debug|Any CPU
		{A514AB01-9FC3-4D98-A134-0C3E74A1368F}.Release|Any CPU.ActiveCfg = Release|Any CPU
		{A514AB01-9FC3-4D98-A134-0C3E74A1368F}.Release|Any CPU.Build.0 = Release|Any CPU
		{8BAC6994-572B-4F1A-AC58-ED93130E6A1B}.Debug|Any CPU.ActiveCfg = Debug|Any CPU
		{8BAC6994-572B-4F1A-AC58-ED93130E6A1B}.Debug|Any CPU.Build.0 = Debug|Any CPU
		{8BAC6994-572B-4F1A-AC58-ED93130E6A1B}.Release|Any CPU.ActiveCfg = Release|Any CPU
		{8BAC6994-572B-4F1A-AC58-ED93130E6A1B}.Release|Any CPU.Build.0 = Release|Any CPU
		{0B056810-556E-406A-A605-ABF4455A91F9}.Debug|Any CPU.ActiveCfg = Debug|Any CPU
		{0B056810-556E-406A-A605-ABF4455A91F9}.Debug|Any CPU.Build.0 = Debug|Any CPU
		{0B056810-556E-406A-A605-ABF4455A91F9}.Release|Any CPU.ActiveCfg = Release|Any CPU
		{0B056810-556E-406A-A605-ABF4455A91F9}.Release|Any CPU.Build.0 = Release|Any CPU
		{337C4BF0-0894-4B3D-BBF1-08E73C4C8355}.Debug|Any CPU.ActiveCfg = Debug|Any CPU
		{337C4BF0-0894-4B3D-BBF1-08E73C4C8355}.Debug|Any CPU.Build.0 = Debug|Any CPU
		{337C4BF0-0894-4B3D-BBF1-08E73C4C8355}.Release|Any CPU.ActiveCfg = Release|Any CPU
		{337C4BF0-0894-4B3D-BBF1-08E73C4C8355}.Release|Any CPU.Build.0 = Release|Any CPU
	EndGlobalSection
	GlobalSection(SolutionProperties) = preSolution
		HideSolutionNode = FALSE
	EndGlobalSection
	GlobalSection(ExtensibilityGlobals) = postSolution
		SolutionGuid = {D576F9BC-7F35-4F27-87ED-9BB04161ED48}
	EndGlobalSection
EndGlobal
